{
  "name": "api",
  "version": "1.0.0",
  "lockfileVersion": 2,
  "requires": true,
  "packages": {
    "": {
      "version": "1.0.0",
      "license": "ISC",
      "devDependencies": {
        "prisma": "^2.30.3"
      }
    },
    "node_modules/@prisma/engines": {
      "version": "2.30.1-2.b8c35d44de987a9691890b3ddf3e2e7effb9bf20",
      "resolved": "https://registry.npmjs.org/@prisma/engines/-/engines-2.30.1-2.b8c35d44de987a9691890b3ddf3e2e7effb9bf20.tgz",
      "integrity": "sha512-WPnA/IUrxDihrRhdP6+8KAVSwsc0zsh8ioPYsLJjOhzVhwpRbuFH2tJDRIAbc+qFh+BbTIZbeyBYt8fpNXaYQQ==",
      "dev": true,
      "hasInstallScript": true
    },
    "node_modules/prisma": {
      "version": "2.30.3",
      "resolved": "https://registry.npmjs.org/prisma/-/prisma-2.30.3.tgz",
      "integrity": "sha512-48qYba2BIyUmXuosBZs0g3kYGrxKvo4VkSHYOuLlDdDirmKyvoY2hCYMUYHSx3f++8ovfgs+MX5KmNlP+iAZrQ==",
      "dev": true,
      "hasInstallScript": true,
      "dependencies": {
        "@prisma/engines": "2.30.1-2.b8c35d44de987a9691890b3ddf3e2e7effb9bf20"
      },
      "bin": {
        "prisma": "build/index.js",
        "prisma2": "build/index.js"
      },
      "engines": {
        "node": ">=12.2"
      }
    }
  },
  "dependencies": {
    "@prisma/engines": {
      "version": "2.30.1-2.b8c35d44de987a9691890b3ddf3e2e7effb9bf20",
      "resolved": "https://registry.npmjs.org/@prisma/engines/-/engines-2.30.1-2.b8c35d44de987a9691890b3ddf3e2e7effb9bf20.tgz",
      "integrity": "sha512-WPnA/IUrxDihrRhdP6+8KAVSwsc0zsh8ioPYsLJjOhzVhwpRbuFH2tJDRIAbc+qFh+BbTIZbeyBYt8fpNXaYQQ==",
      "dev": true
    },
    "prisma": {
      "version": "2.30.3",
      "resolved": "https://registry.npmjs.org/prisma/-/prisma-2.30.3.tgz",
      "integrity": "sha512-48qYba2BIyUmXuosBZs0g3kYGrxKvo4VkSHYOuLlDdDirmKyvoY2hCYMUYHSx3f++8ovfgs+MX5KmNlP+iAZrQ==",
      "dev": true,
      "requires": {
        "@prisma/engines": "2.30.1-2.b8c35d44de987a9691890b3ddf3e2e7effb9bf20"
      }
    }
  }
}
